
Microsoft Visual Studio Solution File, Format Version 12.00
# Visual Studio Version 17
VisualStudioVersion = 17.6.33815.320
MinimumVisualStudioVersion = 10.0.40219.1
Project("{FAE04EC0-301F-11D3-BF4B-00C04F79EFBC}") = "xkmControlTest", "xkmControlTest\xkmControlTest.csproj", "{2CE24437-E09F-4CB1-B331-F316F2F5F43C}"
EndProject
Project("{9A19103F-16F7-4668-BE54-9A1E7A4F7556}") = "zkmControl", "..\zkmControl\zkmControl\zkmControl.csproj", "{23CA5112-6A0C-4D15-82FA-E332D65EAB3A}"
EndProject
Global
	GlobalSection(SolutionConfigurationPlatforms) = preSolution
		Debug|Any CPU = Debug|Any CPU
		Release|Any CPU = Release|Any CPU
	EndGlobalSection
	GlobalSection(ProjectConfigurationPlatforms) = postSolution
		{2CE24437-E09F-4CB1-B331-F316F2F5F43C}.Debug|Any CPU.ActiveCfg = Debug|Any CPU
		{2CE24437-E09F-4CB1-B331-F316F2F5F43C}.Debug|Any CPU.Build.0 = Debug|Any CPU
		{2CE24437-E09F-4CB1-B331-F316F2F5F43C}.Release|Any CPU.ActiveCfg = Release|Any CPU
		{2CE24437-E09F-4CB1-B331-F316F2F5F43C}.Release|Any CPU.Build.0 = Release|Any CPU
		{23CA5112-6A0C-4D15-82FA-E332D65EAB3A}.Debug|Any CPU.ActiveCfg = Debug|Any CPU
		{23CA5112-6A0C-4D15-82FA-E332D65EAB3A}.Debug|Any CPU.Build.0 = Debug|Any CPU
		{23CA5112-6A0C-4D15-82FA-E332D65EAB3A}.Release|Any CPU.ActiveCfg = Release|Any CPU
		{23CA5112-6A0C-4D15-82FA-E332D65EAB3A}.Release|Any CPU.Build.0 = Release|Any CPU
	EndGlobalSection
	GlobalSection(SolutionProperties) = preSolution
		HideSolutionNode = FALSE
	EndGlobalSection
	GlobalSection(ExtensibilityGlobals) = postSolution
		SolutionGuid = {4E802CB7-F9FB-4645-98E2-443DC42E134C}
	EndGlobalSection
EndGlobal
